// !$*UTF8*$!
{
	archiveVersion = 1;
	classes = {
	};
	objectVersion = 77;
	objects = {

/* Begin PBXBuildFile section */
		050213302D5A91820008BD3F /* TabBarController.swift in Sources */ = {isa = PBXBuildFile; fileRef = 0502132F2D5A91750008BD3F /* TabBarController.swift */; };
		0534D6462D370818000F15C3 /* CustomCollectionViewCell.swift in Sources */ = {isa = PBXBuildFile; fileRef = 0534D6452D37080F000F15C3 /* CustomCollectionViewCell.swift */; };
		05469ED92D3850F700E8E9C1 /* SectionHeaderView.swift in Sources */ = {isa = PBXBuildFile; fileRef = 05469ED82D3850E800E8E9C1 /* SectionHeaderView.swift */; };
		0547BAFB2D385B10001ADD86 /* BadgeView.swift in Sources */ = {isa = PBXBuildFile; fileRef = 0547BAFA2D385B00001ADD86 /* BadgeView.swift */; };
		056C707D2D481C64003E3F47 /* MultipleSectionsViewController.swift in Sources */ = {isa = PBXBuildFile; fileRef = 056C707C2D481C51003E3F47 /* MultipleSectionsViewController.swift */; };
		056C707F2D482309003E3F47 /* MultipleSectionHeaderView.swift in Sources */ = {isa = PBXBuildFile; fileRef = 056C707E2D4822F4003E3F47 /* MultipleSectionHeaderView.swift */; };
		059899342D57546B00B1CD34 /* DetailViewController.swift in Sources */ = {isa = PBXBuildFile; fileRef = 059899332D57543500B1CD34 /* DetailViewController.swift */; };
		05D9A2B92D33F30600BF17B4 /* Assets.xcassets in Resources */ = {isa = PBXBuildFile; fileRef = 05D9A2B12D33F30600BF17B4 /* Assets.xcassets */; };
		05D9A2BB2D33F30600BF17B4 /* LaunchScreen.storyboard in Resources */ = {isa = PBXBuildFile; fileRef = 05D9A2B52D33F30600BF17B4 /* LaunchScreen.storyboard */; };
		05D9A2BC2D33F30600BF17B4 /* BookStoreDataManager.swift in Sources */ = {isa = PBXBuildFile; fileRef = 05D9A2AC2D33F30600BF17B4 /* BookStoreDataManager.swift */; };
		05D9A2BD2D33F30600BF17B4 /* BookTypeManager.swift in Sources */ = {isa = PBXBuildFile; fileRef = 05D9A2AD2D33F30600BF17B4 /* BookTypeManager.swift */; };
		05D9A2BE2D33F30600BF17B4 /* AppDelegate.swift in Sources */ = {isa = PBXBuildFile; fileRef = 05D9A2B02D33F30600BF17B4 /* AppDelegate.swift */; };
		05D9A2BF2D33F30600BF17B4 /* BookTypeModel.swift in Sources */ = {isa = PBXBuildFile; fileRef = 05D9A2B22D33F30600BF17B4 /* BookTypeModel.swift */; };
		05D9A2C02D33F30600BF17B4 /* SceneDelegate.swift in Sources */ = {isa = PBXBuildFile; fileRef = 05D9A2B62D33F30600BF17B4 /* SceneDelegate.swift */; };
		05D9A2C12D33F30600BF17B4 /* ViewController.swift in Sources */ = {isa = PBXBuildFile; fileRef = 05D9A2B72D33F30600BF17B4 /* ViewController.swift */; };
/* End PBXBuildFile section */

/* Begin PBXContainerItemProxy section */
		05D9A26F2D33E7D000BF17B4 /* PBXContainerItemProxy */ = {
			isa = PBXContainerItemProxy;
			containerPortal = 05D9A2502D33E7CF00BF17B4 /* Project object */;
			proxyType = 1;
			remoteGlobalIDString = 05D9A2572D33E7CF00BF17B4;
			remoteInfo = BookStoreApp;
		};
		05D9A2792D33E7D000BF17B4 /* PBXContainerItemProxy */ = {
			isa = PBXContainerItemProxy;
			containerPortal = 05D9A2502D33E7CF00BF17B4 /* Project object */;
			proxyType = 1;
			remoteGlobalIDString = 05D9A2572D33E7CF00BF17B4;
			remoteInfo = BookStoreApp;
		};
/* End PBXContainerItemProxy section */

/* Begin PBXFileReference section */
		0502132F2D5A91750008BD3F /* TabBarController.swift */ = {isa = PBXFileReference; lastKnownFileType = sourcecode.swift; path = TabBarController.swift; sourceTree = "<group>"; };
		0534D6452D37080F000F15C3 /* CustomCollectionViewCell.swift */ = {isa = PBXFileReference; lastKnownFileType = sourcecode.swift; path = CustomCollectionViewCell.swift; sourceTree = "<group>"; };
		05469ED82D3850E800E8E9C1 /* SectionHeaderView.swift */ = {isa = PBXFileReference; lastKnownFileType = sourcecode.swift; path = SectionHeaderView.swift; sourceTree = "<group>"; };
		0547BAFA2D385B00001ADD86 /* BadgeView.swift */ = {isa = PBXFileReference; lastKnownFileType = sourcecode.swift; path = BadgeView.swift; sourceTree = "<group>"; };
		056C707C2D481C51003E3F47 /* MultipleSectionsViewController.swift */ = {isa = PBXFileReference; lastKnownFileType = sourcecode.swift; path = MultipleSectionsViewController.swift; sourceTree = "<group>"; };
		056C707E2D4822F4003E3F47 /* MultipleSectionHeaderView.swift */ = {isa = PBXFileReference; lastKnownFileType = sourcecode.swift; path = MultipleSectionHeaderView.swift; sourceTree = "<group>"; };
		059899332D57543500B1CD34 /* DetailViewController.swift */ = {isa = PBXFileReference; lastKnownFileType = sourcecode.swift; path = DetailViewController.swift; sourceTree = "<group>"; };
		05D9A2582D33E7CF00BF17B4 /* BookStoreApp.app */ = {isa = PBXFileReference; explicitFileType = wrapper.application; includeInIndex = 0; path = BookStoreApp.app; sourceTree = BUILT_PRODUCTS_DIR; };
		05D9A26E2D33E7D000BF17B4 /* BookStoreAppTests.xctest */ = {isa = PBXFileReference; explicitFileType = wrapper.cfbundle; includeInIndex = 0; path = BookStoreAppTests.xctest; sourceTree = BUILT_PRODUCTS_DIR; };
		05D9A2782D33E7D000BF17B4 /* BookStoreAppUITests.xctest */ = {isa = PBXFileReference; explicitFileType = wrapper.cfbundle; includeInIndex = 0; path = BookStoreAppUITests.xctest; sourceTree = BUILT_PRODUCTS_DIR; };
		05D9A2AC2D33F30600BF17B4 /* BookStoreDataManager.swift */ = {isa = PBXFileReference; lastKnownFileType = sourcecode.swift; path = BookStoreDataManager.swift; sourceTree = "<group>"; };
		05D9A2AD2D33F30600BF17B4 /* BookTypeManager.swift */ = {isa = PBXFileReference; lastKnownFileType = sourcecode.swift; path = BookTypeManager.swift; sourceTree = "<group>"; };
		05D9A2B02D33F30600BF17B4 /* AppDelegate.swift */ = {isa = PBXFileReference; lastKnownFileType = sourcecode.swift; path = AppDelegate.swift; sourceTree = "<group>"; };
		05D9A2B12D33F30600BF17B4 /* Assets.xcassets */ = {isa = PBXFileReference; lastKnownFileType = folder.assetcatalog; path = Assets.xcassets; sourceTree = "<group>"; };
		05D9A2B22D33F30600BF17B4 /* BookTypeModel.swift */ = {isa = PBXFileReference; lastKnownFileType = sourcecode.swift; path = BookTypeModel.swift; sourceTree = "<group>"; };
		05D9A2B32D33F30600BF17B4 /* Info.plist */ = {isa = PBXFileReference; lastKnownFileType = text.plist.xml; path = Info.plist; sourceTree = "<group>"; };
		05D9A2B42D33F30600BF17B4 /* Base */ = {isa = PBXFileReference; lastKnownFileType = file.storyboard; name = Base; path = Base.lproj/LaunchScreen.storyboard; sourceTree = "<group>"; };
		05D9A2B62D33F30600BF17B4 /* SceneDelegate.swift */ = {isa = PBXFileReference; lastKnownFileType = sourcecode.swift; path = SceneDelegate.swift; sourceTree = "<group>"; };
		05D9A2B72D33F30600BF17B4 /* ViewController.swift */ = {isa = PBXFileReference; lastKnownFileType = sourcecode.swift; path = ViewController.swift; sourceTree = "<group>"; };
/* End PBXFileReference section */

/* Begin PBXFrameworksBuildPhase section */
		05D9A2552D33E7CF00BF17B4 /* Frameworks */ = {
			isa = PBXFrameworksBuildPhase;
			buildActionMask = 2147483647;
			files = (
			);
			runOnlyForDeploymentPostprocessing = 0;
		};
		05D9A26B2D33E7D000BF17B4 /* Frameworks */ = {
			isa = PBXFrameworksBuildPhase;
			buildActionMask = 2147483647;
			files = (
			);
			runOnlyForDeploymentPostprocessing = 0;
		};
		05D9A2752D33E7D000BF17B4 /* Frameworks */ = {
			isa = PBXFrameworksBuildPhase;
			buildActionMask = 2147483647;
			files = (
			);
			runOnlyForDeploymentPostprocessing = 0;
		};
/* End PBXFrameworksBuildPhase section */

/* Begin PBXGroup section */
		05469ED62D3850BC00E8E9C1 /* CustomElements */ = {
			isa = PBXGroup;
			children = (
				0534D6452D37080F000F15C3 /* CustomCollectionViewCell.swift */,
				05469ED72D3850CC00E8E9C1 /* SupplementaryItem */,
			);
			path = CustomElements;
			sourceTree = "<group>";
		};
		05469ED72D3850CC00E8E9C1 /* SupplementaryItem */ = {
			isa = PBXGroup;
			children = (
				05469ED82D3850E800E8E9C1 /* SectionHeaderView.swift */,
				056C707E2D4822F4003E3F47 /* MultipleSectionHeaderView.swift */,
				0547BAFA2D385B00001ADD86 /* BadgeView.swift */,
			);
			path = SupplementaryItem;
			sourceTree = "<group>";
		};
		05D9A24F2D33E7CF00BF17B4 = {
			isa = PBXGroup;
			children = (
				05D9A2B82D33F30600BF17B4 /* BookStoreApp */,
				05D9A2592D33E7CF00BF17B4 /* Products */,
			);
			sourceTree = "<group>";
		};
		05D9A2592D33E7CF00BF17B4 /* Products */ = {
			isa = PBXGroup;
			children = (
				05D9A2582D33E7CF00BF17B4 /* BookStoreApp.app */,
				05D9A26E2D33E7D000BF17B4 /* BookStoreAppTests.xctest */,
				05D9A2782D33E7D000BF17B4 /* BookStoreAppUITests.xctest */,
			);
			name = Products;
			sourceTree = "<group>";
		};
		05D9A2AE2D33F30600BF17B4 /* Services */ = {
			isa = PBXGroup;
			children = (
				05D9A2AC2D33F30600BF17B4 /* BookStoreDataManager.swift */,
				05D9A2AD2D33F30600BF17B4 /* BookTypeManager.swift */,
			);
			path = Services;
			sourceTree = "<group>";
		};
		05D9A2AF2D33F30600BF17B4 /* Resourses */ = {
			isa = PBXGroup;
			children = (
				05D9A2B12D33F30600BF17B4 /* Assets.xcassets */,
				05D9A2B52D33F30600BF17B4 /* LaunchScreen.storyboard */,
			);
			path = Resourses;
			sourceTree = "<group>";
		};
		05D9A2B82D33F30600BF17B4 /* BookStoreApp */ = {
			isa = PBXGroup;
			children = (
				05D9A2B32D33F30600BF17B4 /* Info.plist */,
				05D9A2B02D33F30600BF17B4 /* AppDelegate.swift */,
				05D9A2B62D33F30600BF17B4 /* SceneDelegate.swift */,
				05D9A2C32D33F3BF00BF17B4 /* MainScreen */,
				05D9A2AE2D33F30600BF17B4 /* Services */,
				05D9A2C22D33F39700BF17B4 /* Models */,
				05D9A2AF2D33F30600BF17B4 /* Resourses */,
			);
			path = BookStoreApp;
			sourceTree = "<group>";
		};
		05D9A2C22D33F39700BF17B4 /* Models */ = {
			isa = PBXGroup;
			children = (
				05D9A2B22D33F30600BF17B4 /* BookTypeModel.swift */,
			);
			path = Models;
			sourceTree = "<group>";
		};
		05D9A2C32D33F3BF00BF17B4 /* MainScreen */ = {
			isa = PBXGroup;
			children = (
				05D9A2B72D33F30600BF17B4 /* ViewController.swift */,
				0502132F2D5A91750008BD3F /* TabBarController.swift */,
				059899332D57543500B1CD34 /* DetailViewController.swift */,
				056C707C2D481C51003E3F47 /* MultipleSectionsViewController.swift */,
				05469ED62D3850BC00E8E9C1 /* CustomElements */,
			);
			path = MainScreen;
			sourceTree = "<group>";
		};
/* End PBXGroup section */

/* Begin PBXNativeTarget section */
		05D9A2572D33E7CF00BF17B4 /* BookStoreApp */ = {
			isa = PBXNativeTarget;
			buildConfigurationList = 05D9A2812D33E7D000BF17B4 /* Build configuration list for PBXNativeTarget "BookStoreApp" */;
			buildPhases = (
				05D9A2542D33E7CF00BF17B4 /* Sources */,
				05D9A2552D33E7CF00BF17B4 /* Frameworks */,
				05D9A2562D33E7CF00BF17B4 /* Resources */,
			);
			buildRules = (
			);
			dependencies = (
			);
			name = BookStoreApp;
			packageProductDependencies = (
			);
			productName = BookStoreApp;
			productReference = 05D9A2582D33E7CF00BF17B4 /* BookStoreApp.app */;
			productType = "com.apple.product-type.application";
		};
		05D9A26D2D33E7D000BF17B4 /* BookStoreAppTests */ = {
			isa = PBXNativeTarget;
			buildConfigurationList = 05D9A2862D33E7D000BF17B4 /* Build configuration list for PBXNativeTarget "BookStoreAppTests" */;
			buildPhases = (
				05D9A26A2D33E7D000BF17B4 /* Sources */,
				05D9A26B2D33E7D000BF17B4 /* Frameworks */,
				05D9A26C2D33E7D000BF17B4 /* Resources */,
			);
			buildRules = (
			);
			dependencies = (
				05D9A2702D33E7D000BF17B4 /* PBXTargetDependency */,
			);
			name = BookStoreAppTests;
			packageProductDependencies = (
			);
			productName = BookStoreAppTests;
			productReference = 05D9A26E2D33E7D000BF17B4 /* BookStoreAppTests.xctest */;
			productType = "com.apple.product-type.bundle.unit-test";
		};
		05D9A2772D33E7D000BF17B4 /* BookStoreAppUITests */ = {
			isa = PBXNativeTarget;
			buildConfigurationList = 05D9A2892D33E7D000BF17B4 /* Build configuration list for PBXNativeTarget "BookStoreAppUITests" */;
			buildPhases = (
				05D9A2742D33E7D000BF17B4 /* Sources */,
				05D9A2752D33E7D000BF17B4 /* Frameworks */,
				05D9A2762D33E7D000BF17B4 /* Resources */,
			);
			buildRules = (
			);
			dependencies = (
				05D9A27A2D33E7D000BF17B4 /* PBXTargetDependency */,
			);
			name = BookStoreAppUITests;
			packageProductDependencies = (
			);
			productName = BookStoreAppUITests;
			productReference = 05D9A2782D33E7D000BF17B4 /* BookStoreAppUITests.xctest */;
			productType = "com.apple.product-type.bundle.ui-testing";
		};
/* End PBXNativeTarget section */

/* Begin PBXProject section */
		05D9A2502D33E7CF00BF17B4 /* Project object */ = {
			isa = PBXProject;
			attributes = {
				BuildIndependentTargetsInParallel = 1;
				LastSwiftUpdateCheck = 1620;
				LastUpgradeCheck = 1620;
				TargetAttributes = {
					05D9A2572D33E7CF00BF17B4 = {
						CreatedOnToolsVersion = 16.2;
					};
					05D9A26D2D33E7D000BF17B4 = {
						CreatedOnToolsVersion = 16.2;
						TestTargetID = 05D9A2572D33E7CF00BF17B4;
					};
					05D9A2772D33E7D000BF17B4 = {
						CreatedOnToolsVersion = 16.2;
						TestTargetID = 05D9A2572D33E7CF00BF17B4;
					};
				};
			};
			buildConfigurationList = 05D9A2532D33E7CF00BF17B4 /* Build configuration list for PBXProject "BookStoreApp" */;
			developmentRegion = en;
			hasScannedForEncodings = 0;
			knownRegions = (
				en,
				Base,
			);
			mainGroup = 05D9A24F2D33E7CF00BF17B4;
			minimizedProjectReferenceProxies = 1;
			preferredProjectObjectVersion = 77;
			productRefGroup = 05D9A2592D33E7CF00BF17B4 /* Products */;
			projectDirPath = "";
			projectRoot = "";
			targets = (
				05D9A2572D33E7CF00BF17B4 /* BookStoreApp */,
				05D9A26D2D33E7D000BF17B4 /* BookStoreAppTests */,
				05D9A2772D33E7D000BF17B4 /* BookStoreAppUITests */,
			);
		};
/* End PBXProject section */

/* Begin PBXResourcesBuildPhase section */
		05D9A2562D33E7CF00BF17B4 /* Resources */ = {
			isa = PBXResourcesBuildPhase;
			buildActionMask = 2147483647;
			files = (
				05D9A2B92D33F30600BF17B4 /* Assets.xcassets in Resources */,
				05D9A2BB2D33F30600BF17B4 /* LaunchScreen.storyboard in Resources */,
			);
			runOnlyForDeploymentPostprocessing = 0;
		};
		05D9A26C2D33E7D000BF17B4 /* Resources */ = {
			isa = PBXResourcesBuildPhase;
			buildActionMask = 2147483647;
			files = (
			);
			runOnlyForDeploymentPostprocessing = 0;
		};
		05D9A2762D33E7D000BF17B4 /* Resources */ = {
			isa = PBXResourcesBuildPhase;
			buildActionMask = 2147483647;
			files = (
			);
			runOnlyForDeploymentPostprocessing = 0;
		};
/* End PBXResourcesBuildPhase section */

/* Begin PBXSourcesBuildPhase section */
		05D9A2542D33E7CF00BF17B4 /* Sources */ = {
			isa = PBXSourcesBuildPhase;
			buildActionMask = 2147483647;
			files = (
				056C707D2D481C64003E3F47 /* MultipleSectionsViewController.swift in Sources */,
				050213302D5A91820008BD3F /* TabBarController.swift in Sources */,
				05D9A2BC2D33F30600BF17B4 /* BookStoreDataManager.swift in Sources */,
				0534D6462D370818000F15C3 /* CustomCollectionViewCell.swift in Sources */,
				059899342D57546B00B1CD34 /* DetailViewController.swift in Sources */,
				05D9A2BD2D33F30600BF17B4 /* BookTypeManager.swift in Sources */,
				05469ED92D3850F700E8E9C1 /* SectionHeaderView.swift in Sources */,
				05D9A2BE2D33F30600BF17B4 /* AppDelegate.swift in Sources */,
				05D9A2BF2D33F30600BF17B4 /* BookTypeModel.swift in Sources */,
				056C707F2D482309003E3F47 /* MultipleSectionHeaderView.swift in Sources */,
				0547BAFB2D385B10001ADD86 /* BadgeView.swift in Sources */,
				05D9A2C02D33F30600BF17B4 /* SceneDelegate.swift in Sources */,
				05D9A2C12D33F30600BF17B4 /* ViewController.swift in Sources */,
			);
			runOnlyForDeploymentPostprocessing = 0;
		};
		05D9A26A2D33E7D000BF17B4 /* Sources */ = {
			isa = PBXSourcesBuildPhase;
			buildActionMask = 2147483647;
			files = (
			);
			runOnlyForDeploymentPostprocessing = 0;
		};
		05D9A2742D33E7D000BF17B4 /* Sources */ = {
			isa = PBXSourcesBuildPhase;
			buildActionMask = 2147483647;
			files = (
			);
			runOnlyForDeploymentPostprocessing = 0;
		};
/* End PBXSourcesBuildPhase section */

/* Begin PBXTargetDependency section */
		05D9A2702D33E7D000BF17B4 /* PBXTargetDependency */ = {
			isa = PBXTargetDependency;
			target = 05D9A2572D33E7CF00BF17B4 /* BookStoreApp */;
			targetProxy = 05D9A26F2D33E7D000BF17B4 /* PBXContainerItemProxy */;
		};
		05D9A27A2D33E7D000BF17B4 /* PBXTargetDependency */ = {
			isa = PBXTargetDependency;
			target = 05D9A2572D33E7CF00BF17B4 /* BookStoreApp */;
			targetProxy = 05D9A2792D33E7D000BF17B4 /* PBXContainerItemProxy */;
		};
/* End PBXTargetDependency section */

/* Begin PBXVariantGroup section */
		05D9A2B52D33F30600BF17B4 /* LaunchScreen.storyboard */ = {
			isa = PBXVariantGroup;
			children = (
				05D9A2B42D33F30600BF17B4 /* Base */,
			);
			name = LaunchScreen.storyboard;
			sourceTree = "<group>";
		};
/* End PBXVariantGroup section */

/* Begin XCBuildConfiguration section */
		05D9A2822D33E7D000BF17B4 /* Debug */ = {
			isa = XCBuildConfiguration;
			buildSettings = {
				ASSETCATALOG_COMPILER_APPICON_NAME = AppIcon;
				ASSETCATALOG_COMPILER_GLOBAL_ACCENT_COLOR_NAME = AccentColor;
				CODE_SIGN_STYLE = Automatic;
				CURRENT_PROJECT_VERSION = 1;
				GENERATE_INFOPLIST_FILE = YES;
				INFOPLIST_FILE = BookStoreApp/Info.plist;
				INFOPLIST_KEY_LSApplicationCategoryType = "public.app-category.books";
				INFOPLIST_KEY_UIApplicationSupportsIndirectInputEvents = YES;
				INFOPLIST_KEY_UILaunchStoryboardName = LaunchScreen;
				INFOPLIST_KEY_UISupportedInterfaceOrientations = UIInterfaceOrientationPortrait;
				INFOPLIST_KEY_UISupportedInterfaceOrientations_iPad = "UIInterfaceOrientationLandscapeLeft UIInterfaceOrientationLandscapeRight UIInterfaceOrientationPortrait UIInterfaceOrientationPortraitUpsideDown";
				IPHONEOS_DEPLOYMENT_TARGET = 16.6;
				LD_RUNPATH_SEARCH_PATHS = (
					"$(inherited)",
					"@executable_path/Frameworks",
				);
				MARKETING_VERSION = 1.0;
				PRODUCT_BUNDLE_IDENTIFIER = SmirnovSergey.BookStoreApp;
				PRODUCT_NAME = "$(TARGET_NAME)";
				SUPPORTED_PLATFORMS = "iphoneos iphonesimulator";
				SUPPORTS_MACCATALYST = NO;
				SUPPORTS_MAC_DESIGNED_FOR_IPHONE_IPAD = NO;
				SUPPORTS_XR_DESIGNED_FOR_IPHONE_IPAD = NO;
				SWIFT_EMIT_LOC_STRINGS = YES;
				SWIFT_VERSION = 5.0;
				TARGETED_DEVICE_FAMILY = 1;
			};
			name = Debug;
		};
		05D9A2832D33E7D000BF17B4 /* Release */ = {
			isa = XCBuildConfiguration;
			buildSettings = {
				ASSETCATALOG_COMPILER_APPICON_NAME = AppIcon;
				ASSETCATALOG_COMPILER_GLOBAL_ACCENT_COLOR_NAME = AccentColor;
				CODE_SIGN_STYLE = Automatic;
				CURRENT_PROJECT_VERSION = 1;
				GENERATE_INFOPLIST_FILE = YES;
				INFOPLIST_FILE = BookStoreApp/Info.plist;
				INFOPLIST_KEY_LSApplicationCategoryType = "public.app-category.books";
				INFOPLIST_KEY_UIApplicationSupportsIndirectInputEvents = YES;
				INFOPLIST_KEY_UILaunchStoryboardName = LaunchScreen;
				INFOPLIST_KEY_UISupportedInterfaceOrientations = UIInterfaceOrientationPortrait;
				INFOPLIST_KEY_UISupportedInterfaceOrientations_iPad = "UIInterfaceOrientationLandscapeLeft UIInterfaceOrientationLandscapeRight UIInterfaceOrientationPortrait UIInterfaceOrientationPortraitUpsideDown";
				IPHONEOS_DEPLOYMENT_TARGET = 16.6;
				LD_RUNPATH_SEARCH_PATHS = (
					"$(inherited)",
					"@executable_path/Frameworks",
				);
				MARKETING_VERSION = 1.0;
				PRODUCT_BUNDLE_IDENTIFIER = SmirnovSergey.BookStoreApp;
				PRODUCT_NAME = "$(TARGET_NAME)";
				SUPPORTED_PLATFORMS = "iphoneos iphonesimulator";
				SUPPORTS_MACCATALYST = NO;
				SUPPORTS_MAC_DESIGNED_FOR_IPHONE_IPAD = NO;
				SUPPORTS_XR_DESIGNED_FOR_IPHONE_IPAD = NO;
				SWIFT_EMIT_LOC_STRINGS = YES;
				SWIFT_VERSION = 5.0;
				TARGETED_DEVICE_FAMILY = 1;
			};
			name = Release;
		};
		05D9A2842D33E7D000BF17B4 /* Debug */ = {
			isa = XCBuildConfiguration;
			buildSettings = {
				ALWAYS_SEARCH_USER_PATHS = NO;
				ASSETCATALOG_COMPILER_GENERATE_SWIFT_ASSET_SYMBOL_EXTENSIONS = YES;
				CLANG_ANALYZER_NONNULL = YES;
				CLANG_ANALYZER_NUMBER_OBJECT_CONVERSION = YES_AGGRESSIVE;
				CLANG_CXX_LANGUAGE_STANDARD = "gnu++20";
				CLANG_ENABLE_MODULES = YES;
				CLANG_ENABLE_OBJC_ARC = YES;
				CLANG_ENABLE_OBJC_WEAK = YES;
				CLANG_WARN_BLOCK_CAPTURE_AUTORELEASING = YES;
				CLANG_WARN_BOOL_CONVERSION = YES;
				CLANG_WARN_COMMA = YES;
				CLANG_WARN_CONSTANT_CONVERSION = YES;
				CLANG_WARN_DEPRECATED_OBJC_IMPLEMENTATIONS = YES;
				CLANG_WARN_DIRECT_OBJC_ISA_USAGE = YES_ERROR;
				CLANG_WARN_DOCUMENTATION_COMMENTS = YES;
				CLANG_WARN_EMPTY_BODY = YES;
				CLANG_WARN_ENUM_CONVERSION = YES;
				CLANG_WARN_INFINITE_RECURSION = YES;
				CLANG_WARN_INT_CONVERSION = YES;
				CLANG_WARN_NON_LITERAL_NULL_CONVERSION = YES;
				CLANG_WARN_OBJC_IMPLICIT_RETAIN_SELF = YES;
				CLANG_WARN_OBJC_LITERAL_CONVERSION = YES;
				CLANG_WARN_OBJC_ROOT_CLASS = YES_ERROR;
				CLANG_WARN_QUOTED_INCLUDE_IN_FRAMEWORK_HEADER = YES;
				CLANG_WARN_RANGE_LOOP_ANALYSIS = YES;
				CLANG_WARN_STRICT_PROTOTYPES = YES;
				CLANG_WARN_SUSPICIOUS_MOVE = YES;
				CLANG_WARN_UNGUARDED_AVAILABILITY = YES_AGGRESSIVE;
				CLANG_WARN_UNREACHABLE_CODE = YES;
				CLANG_WARN__DUPLICATE_METHOD_MATCH = YES;
				COPY_PHASE_STRIP = NO;
				DEBUG_INFORMATION_FORMAT = dwarf;
				ENABLE_STRICT_OBJC_MSGSEND = YES;
				ENABLE_TESTABILITY = YES;
				ENABLE_USER_SCRIPT_SANDBOXING = YES;
				GCC_C_LANGUAGE_STANDARD = gnu17;
				GCC_DYNAMIC_NO_PIC = NO;
				GCC_NO_COMMON_BLOCKS = YES;
				GCC_OPTIMIZATION_LEVEL = 0;
				GCC_PREPROCESSOR_DEFINITIONS = (
					"DEBUG=1",
					"$(inherited)",
				);
				GCC_WARN_64_TO_32_BIT_CONVERSION = YES;
				GCC_WARN_ABOUT_RETURN_TYPE = YES_ERROR;
				GCC_WARN_UNDECLARED_SELECTOR = YES;
				GCC_WARN_UNINITIALIZED_AUTOS = YES_AGGRESSIVE;
				GCC_WARN_UNUSED_FUNCTION = YES;
				GCC_WARN_UNUSED_VARIABLE = YES;
				IPHONEOS_DEPLOYMENT_TARGET = 18.2;
				LOCALIZATION_PREFERS_STRING_CATALOGS = YES;
				MTL_ENABLE_DEBUG_INFO = INCLUDE_SOURCE;
				MTL_FAST_MATH = YES;
				ONLY_ACTIVE_ARCH = YES;
				SDKROOT = iphoneos;
				SWIFT_ACTIVE_COMPILATION_CONDITIONS = "DEBUG $(inherited)";
				SWIFT_OPTIMIZATION_LEVEL = "-Onone";
			};
			name = Debug;
		};
		05D9A2852D33E7D000BF17B4 /* Release */ = {
			isa = XCBuildConfiguration;
			buildSettings = {
				ALWAYS_SEARCH_USER_PATHS = NO;
				ASSETCATALOG_COMPILER_GENERATE_SWIFT_ASSET_SYMBOL_EXTENSIONS = YES;
				CLANG_ANALYZER_NONNULL = YES;
				CLANG_ANALYZER_NUMBER_OBJECT_CONVERSION = YES_AGGRESSIVE;
				CLANG_CXX_LANGUAGE_STANDARD = "gnu++20";
				CLANG_ENABLE_MODULES = YES;
				CLANG_ENABLE_OBJC_ARC = YES;
				CLANG_ENABLE_OBJC_WEAK = YES;
				CLANG_WARN_BLOCK_CAPTURE_AUTORELEASING = YES;
				CLANG_WARN_BOOL_CONVERSION = YES;
				CLANG_WARN_COMMA = YES;
				CLANG_WARN_CONSTANT_CONVERSION = YES;
				CLANG_WARN_DEPRECATED_OBJC_IMPLEMENTATIONS = YES;
				CLANG_WARN_DIRECT_OBJC_ISA_USAGE = YES_ERROR;
				CLANG_WARN_DOCUMENTATION_COMMENTS = YES;
				CLANG_WARN_EMPTY_BODY = YES;
				CLANG_WARN_ENUM_CONVERSION = YES;
				CLANG_WARN_INFINITE_RECURSION = YES;
				CLANG_WARN_INT_CONVERSION = YES;
				CLANG_WARN_NON_LITERAL_NULL_CONVERSION = YES;
				CLANG_WARN_OBJC_IMPLICIT_RETAIN_SELF = YES;
				CLANG_WARN_OBJC_LITERAL_CONVERSION = YES;
				CLANG_WARN_OBJC_ROOT_CLASS = YES_ERROR;
				CLANG_WARN_QUOTED_INCLUDE_IN_FRAMEWORK_HEADER = YES;
				CLANG_WARN_RANGE_LOOP_ANALYSIS = YES;
				CLANG_WARN_STRICT_PROTOTYPES = YES;
				CLANG_WARN_SUSPICIOUS_MOVE = YES;
				CLANG_WARN_UNGUARDED_AVAILABILITY = YES_AGGRESSIVE;
				CLANG_WARN_UNREACHABLE_CODE = YES;
				CLANG_WARN__DUPLICATE_METHOD_MATCH = YES;
				COPY_PHASE_STRIP = NO;
				DEBUG_INFORMATION_FORMAT = "dwarf-with-dsym";
				ENABLE_NS_ASSERTIONS = NO;
				ENABLE_STRICT_OBJC_MSGSEND = YES;
				ENABLE_USER_SCRIPT_SANDBOXING = YES;
				GCC_C_LANGUAGE_STANDARD = gnu17;
				GCC_NO_COMMON_BLOCKS = YES;
				GCC_WARN_64_TO_32_BIT_CONVERSION = YES;
				GCC_WARN_ABOUT_RETURN_TYPE = YES_ERROR;
				GCC_WARN_UNDECLARED_SELECTOR = YES;
				GCC_WARN_UNINITIALIZED_AUTOS = YES_AGGRESSIVE;
				GCC_WARN_UNUSED_FUNCTION = YES;
				GCC_WARN_UNUSED_VARIABLE = YES;
				IPHONEOS_DEPLOYMENT_TARGET = 18.2;
				LOCALIZATION_PREFERS_STRING_CATALOGS = YES;
				MTL_ENABLE_DEBUG_INFO = NO;
				MTL_FAST_MATH = YES;
				SDKROOT = iphoneos;
				SWIFT_COMPILATION_MODE = wholemodule;
				VALIDATE_PRODUCT = YES;
			};
			name = Release;
		};
		05D9A2872D33E7D000BF17B4 /* Debug */ = {
			isa = XCBuildConfiguration;
			buildSettings = {
				BUNDLE_LOADER = "$(TEST_HOST)";
				CODE_SIGN_STYLE = Automatic;
				CURRENT_PROJECT_VERSION = 1;
				GENERATE_INFOPLIST_FILE = YES;
				IPHONEOS_DEPLOYMENT_TARGET = 18.2;
				MARKETING_VERSION = 1.0;
				PRODUCT_BUNDLE_IDENTIFIER = SmirnovSergey.BookStoreAppTests;
				PRODUCT_NAME = "$(TARGET_NAME)";
				SWIFT_EMIT_LOC_STRINGS = NO;
				SWIFT_VERSION = 5.0;
				TARGETED_DEVICE_FAMILY = "1,2";
				TEST_HOST = "$(BUILT_PRODUCTS_DIR)/BookStoreApp.app/$(BUNDLE_EXECUTABLE_FOLDER_PATH)/BookStoreApp";
			};
			name = Debug;
		};
		05D9A2882D33E7D000BF17B4 /* Release */ = {
			isa = XCBuildConfiguration;
			buildSettings = {
				BUNDLE_LOADER = "$(TEST_HOST)";
				CODE_SIGN_STYLE = Automatic;
				CURRENT_PROJECT_VERSION = 1;
				GENERATE_INFOPLIST_FILE = YES;
				IPHONEOS_DEPLOYMENT_TARGET = 18.2;
				MARKETING_VERSION = 1.0;
				PRODUCT_BUNDLE_IDENTIFIER = SmirnovSergey.BookStoreAppTests;
				PRODUCT_NAME = "$(TARGET_NAME)";
				SWIFT_EMIT_LOC_STRINGS = NO;
				SWIFT_VERSION = 5.0;
				TARGETED_DEVICE_FAMILY = "1,2";
				TEST_HOST = "$(BUILT_PRODUCTS_DIR)/BookStoreApp.app/$(BUNDLE_EXECUTABLE_FOLDER_PATH)/BookStoreApp";
			};
			name = Release;
		};
		05D9A28A2D33E7D000BF17B4 /* Debug */ = {
			isa = XCBuildConfiguration;
			buildSettings = {
				CODE_SIGN_STYLE = Automatic;
				CURRENT_PROJECT_VERSION = 1;
				GENERATE_INFOPLIST_FILE = YES;
				MARKETING_VERSION = 1.0;
				PRODUCT_BUNDLE_IDENTIFIER = SmirnovSergey.BookStoreAppUITests;
				PRODUCT_NAME = "$(TARGET_NAME)";
				SWIFT_EMIT_LOC_STRINGS = NO;
				SWIFT_VERSION = 5.0;
				TARGETED_DEVICE_FAMILY = "1,2";
				TEST_TARGET_NAME = BookStoreApp;
			};
			name = Debug;
		};
		05D9A28B2D33E7D000BF17B4 /* Release */ = {
			isa = XCBuildConfiguration;
			buildSettings = {
				CODE_SIGN_STYLE = Automatic;
				CURRENT_PROJECT_VERSION = 1;
				GENERATE_INFOPLIST_FILE = YES;
				MARKETING_VERSION = 1.0;
				PRODUCT_BUNDLE_IDENTIFIER = SmirnovSergey.BookStoreAppUITests;
				PRODUCT_NAME = "$(TARGET_NAME)";
				SWIFT_EMIT_LOC_STRINGS = NO;
				SWIFT_VERSION = 5.0;
				TARGETED_DEVICE_FAMILY = "1,2";
				TEST_TARGET_NAME = BookStoreApp;
			};
			name = Release;
		};
/* End XCBuildConfiguration section */

/* Begin XCConfigurationList section */
		05D9A2532D33E7CF00BF17B4 /* Build configuration list for PBXProject "BookStoreApp" */ = {
			isa = XCConfigurationList;
			buildConfigurations = (
				05D9A2842D33E7D000BF17B4 /* Debug */,
				05D9A2852D33E7D000BF17B4 /* Release */,
			);
			defaultConfigurationIsVisible = 0;
			defaultConfigurationName = Release;
		};
		05D9A2812D33E7D000BF17B4 /* Build configuration list for PBXNativeTarget "BookStoreApp" */ = {
			isa = XCConfigurationList;
			buildConfigurations = (
				05D9A2822D33E7D000BF17B4 /* Debug */,
				05D9A2832D33E7D000BF17B4 /* Release */,
			);
			defaultConfigurationIsVisible = 0;
			defaultConfigurationName = Release;
		};
		05D9A2862D33E7D000BF17B4 /* Build configuration list for PBXNativeTarget "BookStoreAppTests" */ = {
			isa = XCConfigurationList;
			buildConfigurations = (
				05D9A2872D33E7D000BF17B4 /* Debug */,
				05D9A2882D33E7D000BF17B4 /* Release */,
			);
			defaultConfigurationIsVisible = 0;
			defaultConfigurationName = Release;
		};
		05D9A2892D33E7D000BF17B4 /* Build configuration list for PBXNativeTarget "BookStoreAppUITests" */ = {
			isa = XCConfigurationList;
			buildConfigurations = (
				05D9A28A2D33E7D000BF17B4 /* Debug */,
				05D9A28B2D33E7D000BF17B4 /* Release */,
			);
			defaultConfigurationIsVisible = 0;
			defaultConfigurationName = Release;
		};
/* End XCConfigurationList section */
	};
	rootObject = 05D9A2502D33E7CF00BF17B4 /* Project object */;
}
